
Microsoft Visual Studio Solution File, Format Version 12.00
# Visual Studio Version 16
VisualStudioVersion = 16.0.31424.327
MinimumVisualStudioVersion = 10.0.40219.1
Project("{FAE04EC0-301F-11D3-BF4B-00C04F79EFBC}") = "WebApp", "WebApp\WebApp.csproj", "{8525073B-BEB1-4BBB-8BD6-FB0C4260C95C}"
EndProject
Project("{FAE04EC0-301F-11D3-BF4B-00C04F79EFBC}") = "Data", "Data\Data.csproj", "{6AC59BB3-0B34-4134-8333-FD23CAF3F188}"
EndProject
Global
	GlobalSection(SolutionConfigurationPlatforms) = preSolution
		Debug|Any CPU = Debug|Any CPU
		Release|Any CPU = Release|Any CPU
	EndGlobalSection
	GlobalSection(ProjectConfigurationPlatforms) = postSolution
		{8525073B-BEB1-4BBB-8BD6-FB0C4260C95C}.Debug|Any CPU.ActiveCfg = Debug|Any CPU
		{8525073B-BEB1-4BBB-8BD6-FB0C4260C95C}.Debug|Any CPU.Build.0 = Debug|Any CPU
		{8525073B-BEB1-4BBB-8BD6-FB0C4260C95C}.Release|Any CPU.ActiveCfg = Release|Any CPU
		{8525073B-BEB1-4BBB-8BD6-FB0C4260C95C}.Release|Any CPU.Build.0 = Release|Any CPU
		{6AC59BB3-0B34-4134-8333-FD23CAF3F188}.Debug|Any CPU.ActiveCfg = Debug|Any CPU
		{6AC59BB3-0B34-4134-8333-FD23CAF3F188}.Debug|Any CPU.Build.0 = Debug|Any CPU
		{6AC59BB3-0B34-4134-8333-FD23CAF3F188}.Release|Any CPU.ActiveCfg = Release|Any CPU
		{6AC59BB3-0B34-4134-8333-FD23CAF3F188}.Release|Any CPU.Build.0 = Release|Any CPU
	EndGlobalSection
	GlobalSection(SolutionProperties) = preSolution
		HideSolutionNode = FALSE
	EndGlobalSection
	GlobalSection(ExtensibilityGlobals) = postSolution
		SolutionGuid = {964D36CA-9019-4949-8F5D-1B50082E6A1E}
	EndGlobalSection
EndGlobal
